
Microsoft Visual Studio Solution File, Format Version 12.00
# Visual Studio Version 17
VisualStudioVersion = 17.6.33723.286
MinimumVisualStudioVersion = 10.0.40219.1
Project("{888888A0-9F3D-457C-B088-3A5042F75D52}") = "FYSPythonAPISDK", "FYSPythonAPISDK.pyproj", "{BC1866BC-D50E-42EB-AA9F-879ED7C848F9}"
EndProject
Global
	GlobalSection(SolutionConfigurationPlatforms) = preSolution
		Debug|Any CPU = Debug|Any CPU
		Release|Any CPU = Release|Any CPU
	EndGlobalSection
	GlobalSection(ProjectConfigurationPlatforms) = postSolution
		{BC1866BC-D50E-42EB-AA9F-879ED7C848F9}.Debug|Any CPU.ActiveCfg = Debug|Any CPU
		{BC1866BC-D50E-42EB-AA9F-879ED7C848F9}.Release|Any CPU.ActiveCfg = Release|Any CPU
	EndGlobalSection
	GlobalSection(SolutionProperties) = preSolution
		HideSolutionNode = FALSE
	EndGlobalSection
	GlobalSection(ExtensibilityGlobals) = postSolution
		SolutionGuid = {41789821-74E3-46EE-B2E5-B5205EEBC6D8}
	EndGlobalSection
EndGlobal
